{
  "version": 2,
  "dependencies": {
    "net10.0": {
      "Microsoft.Extensions.Options": {
        "type": "Direct",
        "requested": "[10.0.3, )",
        "resolved": "10.0.3",
        "contentHash": "hU6WzGTPvPoLA2ng1ILvWQb3g0qORdlHNsxI8IcPLumJb3suimYUl+bbDzdo1V4KFsvVhnMWzysHpKbZaoDQPQ==",
        "dependencies": {
          "Microsoft.Extensions.DependencyInjection.Abstractions": "10.0.3",
          "Microsoft.Extensions.Primitives": "10.0.3"
        }
      },
      "Microsoft.SemanticKernel": {
        "type": "Direct",
        "requested": "[1.75.0, )",
        "resolved": "1.75.0",
        "contentHash": "qDUnqxj3wbbM2i9iqcHdEjy3CQA8SdM/iJvb+LCi5ZAaq16H/ILOKfmEF0/YMgO8sRy4rSjF50kIW906uZVeww==",
        "dependencies": {
          "Microsoft.SemanticKernel.Connectors.AzureOpenAI": "1.75.0",
          "Microsoft.SemanticKernel.Core": "1.75.0"
        }
      },
      "Microsoft.SemanticKernel.Core": {
        "type": "Direct",
        "requested": "[1.75.0, )",
        "resolved": "1.75.0",
        "contentHash": "cbQDbHYWU7hvR0j4B4uV9pxj+mL9seZo/130ckdlfbfMGly4mNiYI64DAQ9dF53CM8xt50eBXqmyedYv6DGysg==",
        "dependencies": {
          "Microsoft.Extensions.DependencyInjection": "10.0.2",
          "Microsoft.SemanticKernel.Abstractions": "1.75.0",
          "System.Numerics.Tensors": "10.0.6"
        }
      },
      "Azure.AI.OpenAI": {
        "type": "Transitive",
        "resolved": "2.9.0-beta.1",
        "contentHash": "CgIYDuCSOFx+yPuCdK7iz71OW2envfVeIE/YoNYK+mhr6bxgIJV6jfBF+mV9aHDQ6KVQjeSL6OZ7x90XrvsoRg==",
        "dependencies": {
          "Azure.Core": "1.51.1",
          "OpenAI": "2.9.1"
        }
      },
      "Azure.Core": {
        "type": "Transitive",
        "resolved": "1.51.1",
        "contentHash": "JRANrRvN5O5FFRh+pMUb8qqWU7jBQ39qXEbVr7Rkb1/s7rqc6RSzVHKGBz5Ro1gDy2WSGjG5YEOJKpPIBiCMcA==",
        "dependencies": {
          "Microsoft.Bcl.AsyncInterfaces": "10.0.2",
          "System.ClientModel": "1.9.0",
          "System.Memory.Data": "10.0.1"
        }
      },
      "Microsoft.Bcl.AsyncInterfaces": {
        "type": "Transitive",
        "resolved": "10.0.2",
        "contentHash": "qE5JhRoeJbAipLqpUCZyNfNwnpAvUttXgIQDnTiJ15d8ji+/bPgoPkB3xLzK5cQTobN2D2ditUesUlDHb7p3Pg=="
      },
      "Microsoft.Bcl.HashCode": {
        "type": "Transitive",
        "resolved": "1.1.1",
        "contentHash": "MalY0Y/uM/LjXtHfX/26l2VtN4LDNZ2OE3aumNOHDLsT4fNYy2hiHXI4CXCqKpNUNm7iJ2brrc4J89UdaL56FA=="
      },
      "Microsoft.Extensions.AI": {
        "type": "Transitive",
        "resolved": "10.5.0",
        "contentHash": "UwUYEUqB7v74IYFRzPmjiN0i6JvHFC2P5laO5ZV2LvDRuz84+16XIkMVwT8nKyHJHT2gWOqywiTMC2pa50IrTA==",
        "dependencies": {
          "Microsoft.Extensions.AI.Abstractions": "10.5.0",
          "Microsoft.Extensions.Caching.Abstractions": "10.0.6",
          "Microsoft.Extensions.DependencyInjection.Abstractions": "10.0.6",
          "Microsoft.Extensions.Logging.Abstractions": "10.0.6",
          "System.Numerics.Tensors": "10.0.6"
        }
      },
      "Microsoft.Extensions.AI.Abstractions": {
        "type": "Transitive",
        "resolved": "10.5.0",
        "contentHash": "bb2wQ1HGatf5zdBxE28zrN4jaEVmpC+IJYChcqABTfu77YtFcJe/A4ZChjVZ0V1OF+UPYSOY8mUDI/fwEljcIA=="
      },
      "Microsoft.Extensions.AI.OpenAI": {
        "type": "Transitive",
        "resolved": "10.5.0",
        "contentHash": "K1ZTH8waff1pnnDG6kPN07ce2oq4AJKFds4MGmE+EX+f0QYMO316HKSAcCZjrhnisAj+rJ4nSkrG9FjgjTA9nw==",
        "dependencies": {
          "Microsoft.Extensions.AI.Abstractions": "10.5.0",
          "OpenAI": "2.10.0"
        }
      },
      "Microsoft.Extensions.Caching.Abstractions": {
        "type": "Transitive",
        "resolved": "10.0.6",
        "contentHash": "Ilr690V+E1H116ncF00KIlvRloKXBdCExaNqcT9BvCcS5nFGR1pcTamSA2EI8pOXbNp0DHZm8K8h6Wl1hMSbIQ==",
        "dependencies": {
          "Microsoft.Extensions.Primitives": "10.0.6"
        }
      },
      "Microsoft.Extensions.Configuration.Abstractions": {
        "type": "Transitive",
        "resolved": "10.0.3",
        "contentHash": "xVDHL0+SIgemfh95fTO9cGLe17TWv/ZP0n7m01z8X6pzt2DmQpucioWR/mYZA1sRlkWnkXzfl0JweLNWmE9WMg==",
        "dependencies": {
          "Microsoft.Extensions.Primitives": "10.0.3"
        }
      },
      "Microsoft.Extensions.Diagnostics.Abstractions": {
        "type": "Transitive",
        "resolved": "10.0.3",
        "contentHash": "mQiTzAj7PIJ2A9YXR5QhgulS1fTWhmQc3ckd1Mrf3hKW07d03fBDqx8vVaFw+cRTebDOeB6pNqdWdnRxsi1hBA==",
        "dependencies": {
          "Microsoft.Extensions.DependencyInjection.Abstractions": "10.0.3",
          "Microsoft.Extensions.Options": "10.0.3"
        }
      },
      "Microsoft.Extensions.FileProviders.Abstractions": {
        "type": "Transitive",
        "resolved": "10.0.3",
        "contentHash": "4TD9AXDRsipTmaemwnjt/DM5Ri0de2JzHQhvZ4woBTjUtL4XrPNsMrOk5oiLJAx1gTrE6pOIhxv+lEde5F6CZA==",
        "dependencies": {
          "Microsoft.Extensions.Primitives": "10.0.3"
        }
      },
      "Microsoft.Extensions.Hosting.Abstractions": {
        "type": "Transitive",
        "resolved": "10.0.3",
        "contentHash": "GdMpC10Jf6poxSvUJ4lgYpJ5F/kJeaAoJmrPufjBoPYyCTKKY5Dyl0rZA+LBNvFqTq1cZa/lhlptlUhNvU6xrg==",
        "dependencies": {
          "Microsoft.Extensions.Configuration.Abstractions": "10.0.3",
          "Microsoft.Extensions.DependencyInjection.Abstractions": "10.0.3",
          "Microsoft.Extensions.Diagnostics.Abstractions": "10.0.3",
          "Microsoft.Extensions.FileProviders.Abstractions": "10.0.3",
          "Microsoft.Extensions.Logging.Abstractions": "10.0.3"
        }
      },
      "Microsoft.Extensions.Primitives": {
        "type": "Transitive",
        "resolved": "10.0.6",
        "contentHash": "L8P21mqaG+CXvPheLndean/cHCOcItJqH8nx+0YQnK7wAiOR0G1IOC418ZSzTMD2D6Gmo0f2M5WR70XtpX2B8g=="
      },
      "Microsoft.Extensions.VectorData.Abstractions": {
        "type": "Transitive",
        "resolved": "10.1.0",
        "contentHash": "I2XfmqEOWOq0Esbo0eWQ6WE5MAJkGyIs057F8ncmPCLJFw9b1IB7Jj5WiFlH6C5YXCAG9Z91QMBD/SkcMLhE7w==",
        "dependencies": {
          "Microsoft.Extensions.AI.Abstractions": "10.4.0"
        }
      },
      "Microsoft.SemanticKernel.Abstractions": {
        "type": "Transitive",
        "resolved": "1.75.0",
        "contentHash": "x3JN7Eo9cNoRDYoqbhNmL1jn0VU/Ruv6MC9aARXGf45aBPh2nko4bdrgTN3Lfd5R3Mw1dZHQKTORPlcWbdQssQ==",
        "dependencies": {
          "Microsoft.Bcl.HashCode": "1.1.1",
          "Microsoft.Extensions.AI": "10.5.0",
          "Microsoft.Extensions.VectorData.Abstractions": "10.1.0"
        }
      },
      "Microsoft.SemanticKernel.Connectors.AzureOpenAI": {
        "type": "Transitive",
        "resolved": "1.75.0",
        "contentHash": "GBmvD8YqW0NjLW1JwGqgDXlhVFFQv+fOHWk3YYhnUKks05lDKDIqYw+e5LvaTZJ+7G+C8wsi75qw4gU0BYT9lQ==",
        "dependencies": {
          "Azure.AI.OpenAI": "2.9.0-beta.1",
          "Microsoft.SemanticKernel.Connectors.OpenAI": "1.75.0",
          "Microsoft.SemanticKernel.Core": "1.75.0"
        }
      },
      "Microsoft.SemanticKernel.Connectors.OpenAI": {
        "type": "Transitive",
        "resolved": "1.75.0",
        "contentHash": "PhkZN+dVIx6bBbK/9+KPpeltfUJcwJ0iHH/T3dqI4KjUD6tfbWUMm+GNkiGxv58UIVrG3TLvWeXajm+ElnTcoA==",
        "dependencies": {
          "Microsoft.Extensions.AI.OpenAI": "10.5.0",
          "Microsoft.SemanticKernel.Core": "1.75.0",
          "OpenAI": "2.10.0"
        }
      },
      "OpenAI": {
        "type": "Transitive",
        "resolved": "2.10.0",
        "contentHash": "e5gAhMDcX5bFmmtR+lT6qZxJoaGb0SkIplPUUdKwcC4xerCh471hTIsrvfkou7scfZD9YQk6C06dP3NwBqHw1A==",
        "dependencies": {
          "System.ClientModel": "1.10.0"
        }
      },
      "System.ClientModel": {
        "type": "Transitive",
        "resolved": "1.10.0",
        "contentHash": "lBEWs54F5Y5pZ9hC+8z4S/X76957ex+DPk7WecRHlbIHtrPfbRMMlOgI3iDn4Jpb3bSxvBnKaaHoD59auFjlBA==",
        "dependencies": {
          "Microsoft.Extensions.Configuration.Abstractions": "10.0.3",
          "Microsoft.Extensions.Hosting.Abstractions": "10.0.3",
          "Microsoft.Extensions.Logging.Abstractions": "10.0.3",
          "System.Memory.Data": "10.0.3"
        }
      },
      "System.Memory.Data": {
        "type": "Transitive",
        "resolved": "10.0.3",
        "contentHash": "MaGhRfGunmrj/nHjtsi9XkhlYJ/ERGWrbA+BiSKNtGnAjc9XlG5EhAvak6VRcX5LYzPF6pBO8nJ613dTgzabig=="
      },
      "System.Numerics.Tensors": {
        "type": "Transitive",
        "resolved": "10.0.6",
        "contentHash": "DOZ8Z8CxHVWU8gSo4ZQ8sCAPIQb+agp56ISuMiu39WWZiV+reZwn9NM1tj4lRDfqLaOAinF6zTi0csmFBQes9Q=="
      },
      "Microsoft.Extensions.DependencyInjection": {
        "type": "CentralTransitive",
        "requested": "[10.0.2, )",
        "resolved": "10.0.2",
        "contentHash": "J/Zmp6fY93JbaiZ11ckWvcyxMPjD6XVwIHQXBjryTBgn7O6O20HYg9uVLFcZlNfgH78MnreE/7EH+hjfzn7VyA==",
        "dependencies": {
          "Microsoft.Extensions.DependencyInjection.Abstractions": "10.0.2"
        }
      },
      "Microsoft.Extensions.DependencyInjection.Abstractions": {
        "type": "CentralTransitive",
        "requested": "[10.0.7, )",
        "resolved": "10.0.6",
        "contentHash": "w+dX4SIr1X9yegX2yX2dU1XtP4JAUVNdvOG/Evn+H+ndn96YzfIPX52FALXChrRNWFR9l77FQyg1mB7WQo6iOA=="
      },
      "Microsoft.Extensions.Logging.Abstractions": {
        "type": "CentralTransitive",
        "requested": "[10.0.3, )",
        "resolved": "10.0.6",
        "contentHash": "1YgBO3wAy0dlpQyVTKWBSPND/t0yZHsvd3shGpbeEwH8JSb2hnFI2pNFrOOUi/stsp+T/dqwqmRIGh47ibo9bw==",
        "dependencies": {
          "Microsoft.Extensions.DependencyInjection.Abstractions": "10.0.6"
        }
      }
    }
  }
}