{
  "version": 2,
  "dependencies": {
    "net10.0": {
      "Microsoft.AspNetCore.SignalR.Protocols.MessagePack": {
        "type": "Direct",
        "requested": "[10.0.2, )",
        "resolved": "10.0.2",
        "contentHash": "sYKe6PE/lTHtvnJqndbkgDKlElvGOaP+nmRa0PmU/cBW8WxEcnoqmtNOGHiDQyI1ybItL3fkfHXczquUsgIuSA==",
        "dependencies": {
          "MessagePack": "2.5.187",
          "Microsoft.AspNetCore.SignalR.Common": "10.0.2"
        }
      },
      "Newtonsoft.Json": {
        "type": "Direct",
        "requested": "[13.0.4, )",
        "resolved": "13.0.4",
        "contentHash": "pdgNNMai3zv51W5aq268sujXUyx7SNdE2bj1wZcWjAQrKMFZV260lbqYop1d2GM67JI1huLRwxo9ZqnfF/lC6A=="
      },
      "Refit": {
        "type": "Direct",
        "requested": "[9.0.2, )",
        "resolved": "9.0.2",
        "contentHash": "zLAfOh1iYE1bXFdnPjX5V6Nq8d4vBwxXaCovNNcAt9Fz3mfxAqHS3fckbBX4wetVgN1A6tIOzrDtPTN2c4FNrQ=="
      },
      "Refit.HttpClientFactory": {
        "type": "Direct",
        "requested": "[9.0.2, )",
        "resolved": "9.0.2",
        "contentHash": "lv9vBbPaOZ6PARmWLkB3v+wBqoBDiI5ROS5KTbJEAAXMVaPG5V+AdjNmU+8NFkztZzJRqujREqmY69w7afRhJA==",
        "dependencies": {
          "Microsoft.Extensions.Http": "9.0.3",
          "Refit": "9.0.2"
        }
      },
      "MessagePack": {
        "type": "Transitive",
        "resolved": "2.5.187",
        "contentHash": "uW4j8m4Nc+2Mk5n6arOChavJ9bLjkis0qWASOj2h2OwmfINuzYv+mjCHUymrYhmyyKTu3N+ObtTXAY4uQ7jIhg==",
        "dependencies": {
          "MessagePack.Annotations": "2.5.187",
          "Microsoft.NET.StringTools": "17.6.3"
        }
      },
      "MessagePack.Annotations": {
        "type": "Transitive",
        "resolved": "2.5.187",
        "contentHash": "/IvvMMS8opvlHjEJ/fR2Cal4Co726Kj77Z8KiohFhuHfLHHmb9uUxW5+tSCL4ToKFfkQlrS3HD638mRq83ySqA=="
      },
      "Microsoft.AspNetCore.Connections.Abstractions": {
        "type": "Transitive",
        "resolved": "10.0.2",
        "contentHash": "88fNcB7Vl5vn8vEsgpOiBeR43FlP+aPs8aUghuIcQ5RRNO5XcYgXfeCEKcDc3vlG7PJFxl0fVVO+/ObMBsLm4g==",
        "dependencies": {
          "Microsoft.Extensions.Features": "10.0.2"
        }
      },
      "Microsoft.AspNetCore.SignalR.Common": {
        "type": "Transitive",
        "resolved": "10.0.2",
        "contentHash": "+Dd4cB18jqX0ks+mkPVX1fBKkvvfqeeL+acT/3bSgxKkkjKsEfBKWz8dM9jriZ5JiTY55DrYMxv8b80kOSztSg==",
        "dependencies": {
          "Microsoft.AspNetCore.Connections.Abstractions": "10.0.2",
          "Microsoft.Extensions.Options": "10.0.2"
        }
      },
      "Microsoft.Extensions.Configuration": {
        "type": "Transitive",
        "resolved": "9.0.3",
        "contentHash": "RIEeZxWYm77+OWLwgik7DzSVSONjqkmcbuCb1koZdGAV7BgOUWnLz80VMyHZMw3onrVwFCCMHBBdruBPuQTvkg==",
        "dependencies": {
          "Microsoft.Extensions.Configuration.Abstractions": "9.0.3",
          "Microsoft.Extensions.Primitives": "9.0.3"
        }
      },
      "Microsoft.Extensions.Configuration.Abstractions": {
        "type": "Transitive",
        "resolved": "9.0.3",
        "contentHash": "q5qlbm6GRUrle2ZZxy9aqS/wWoc+mRD3JeP6rcpiJTh5XcemYkplAcJKq8lU11ZfPom5lfbZZfnQvDqcUhqD5Q==",
        "dependencies": {
          "Microsoft.Extensions.Primitives": "9.0.3"
        }
      },
      "Microsoft.Extensions.Configuration.Binder": {
        "type": "Transitive",
        "resolved": "9.0.3",
        "contentHash": "ad82pYBUSQbd3WIboxsS1HzFdRuHKRa2CpYwie/o6dZAxUjt62yFwjoVdM7Iw2VO5fHV1rJwa7jJZBNZin0E7Q==",
        "dependencies": {
          "Microsoft.Extensions.Configuration.Abstractions": "9.0.3"
        }
      },
      "Microsoft.Extensions.DependencyInjection.Abstractions": {
        "type": "Transitive",
        "resolved": "10.0.2",
        "contentHash": "zOIurr59+kUf9vNcsUkCvKWZv+fPosUZXURZesYkJCvl0EzTc9F7maAO4Cd2WEV7ZJJ0AZrFQvuH6Npph9wdBw=="
      },
      "Microsoft.Extensions.Diagnostics": {
        "type": "Transitive",
        "resolved": "9.0.3",
        "contentHash": "gqhbIq6adm0+/9IlDYmchekoxNkmUTm7rfTG3k4zzoQkjRuD8TQGwL1WnIcTDt4aQ+j+Vu0OQrjI8GlpJQQhIA==",
        "dependencies": {
          "Microsoft.Extensions.Configuration": "9.0.3",
          "Microsoft.Extensions.Diagnostics.Abstractions": "9.0.3",
          "Microsoft.Extensions.Options.ConfigurationExtensions": "9.0.3"
        }
      },
      "Microsoft.Extensions.Diagnostics.Abstractions": {
        "type": "Transitive",
        "resolved": "9.0.3",
        "contentHash": "/fn0Xe8t+3YbMfwyTk4hFirWyAG1pBA5ogVYsrKAuuD2gbqOWhFuSA28auCmS3z8Y2eq3miDIKq4pFVRWA+J6g==",
        "dependencies": {
          "Microsoft.Extensions.DependencyInjection.Abstractions": "9.0.3",
          "Microsoft.Extensions.Options": "9.0.3"
        }
      },
      "Microsoft.Extensions.Features": {
        "type": "Transitive",
        "resolved": "10.0.2",
        "contentHash": "X7tm2aV2w3lN9roSSGhl19lz4w76HvdiuKNhIv2XOiorYII9XCm66o/z9IJ0+QwkgvEv5gMZDM6rV6uwABHEQQ=="
      },
      "Microsoft.Extensions.Http": {
        "type": "Transitive",
        "resolved": "9.0.3",
        "contentHash": "rwChgI3lPqvUzsCN3egSW/6v4kP9/RQ2QrkZUwyAiHiwEoIB6QbYkATNvUsgjV6nfrekocyciCzy53ZFRuSaHA==",
        "dependencies": {
          "Microsoft.Extensions.Configuration.Abstractions": "9.0.3",
          "Microsoft.Extensions.DependencyInjection.Abstractions": "9.0.3",
          "Microsoft.Extensions.Diagnostics": "9.0.3",
          "Microsoft.Extensions.Logging": "9.0.3",
          "Microsoft.Extensions.Logging.Abstractions": "9.0.3",
          "Microsoft.Extensions.Options": "9.0.3"
        }
      },
      "Microsoft.Extensions.Logging": {
        "type": "Transitive",
        "resolved": "9.0.3",
        "contentHash": "utIi2R1nm+PCWkvWBf1Ou6LWqg9iLfHU23r8yyU9VCvda4dEs7xbTZSwGa5KuwbpzpgCbHCIuKaFHB3zyFmnGw==",
        "dependencies": {
          "Microsoft.Extensions.DependencyInjection": "9.0.3",
          "Microsoft.Extensions.Logging.Abstractions": "9.0.3",
          "Microsoft.Extensions.Options": "9.0.3"
        }
      },
      "Microsoft.Extensions.Logging.Abstractions": {
        "type": "Transitive",
        "resolved": "9.0.3",
        "contentHash": "H/MBMLt9A/69Ux4OrV7oCKt3DcMT04o5SCqDolulzQA66TLFEpYYb4qedMs/uwrLtyHXGuDGWKZse/oa8W9AZw==",
        "dependencies": {
          "Microsoft.Extensions.DependencyInjection.Abstractions": "9.0.3"
        }
      },
      "Microsoft.Extensions.Options.ConfigurationExtensions": {
        "type": "Transitive",
        "resolved": "9.0.3",
        "contentHash": "PcyYHQglKnWVZHSPaL6v2qnfsIuFw8tSq7cyXHg3OeuDVn/CqmdWUjRiZomCF/Gi+qCi+ksz0lFphg2cNvB8zQ==",
        "dependencies": {
          "Microsoft.Extensions.Configuration.Abstractions": "9.0.3",
          "Microsoft.Extensions.Configuration.Binder": "9.0.3",
          "Microsoft.Extensions.DependencyInjection.Abstractions": "9.0.3",
          "Microsoft.Extensions.Options": "9.0.3",
          "Microsoft.Extensions.Primitives": "9.0.3"
        }
      },
      "Microsoft.Extensions.Primitives": {
        "type": "Transitive",
        "resolved": "10.0.2",
        "contentHash": "QmSiO+oLBEooGgB3i0GRXyeYRDHjllqt3k365jwfZlYWhvSHA3UL2NEVV5m8aZa041eIlblo6KMI5txvTMpTwA=="
      },
      "Microsoft.NET.StringTools": {
        "type": "Transitive",
        "resolved": "17.6.3",
        "contentHash": "N0ZIanl1QCgvUumEL1laasU0a7sOE5ZwLZVTn0pAePnfhq8P7SvTjF8Axq+CnavuQkmdQpGNXQ1efZtu5kDFbA=="
      },
      "signalpulse.rdm.marketdata": {
        "type": "Project"
      },
      "Microsoft.Extensions.DependencyInjection": {
        "type": "CentralTransitive",
        "requested": "[10.0.2, )",
        "resolved": "9.0.3",
        "contentHash": "lDbxJpkl6X8KZGpkAxgrrthQ42YeiR0xjPp7KPx+sCPc3ZbpaIbjzd0QQ+9kDdK2RU2DOl3pc6tQyAgEZY3V0A==",
        "dependencies": {
          "Microsoft.Extensions.DependencyInjection.Abstractions": "9.0.3"
        }
      },
      "Microsoft.Extensions.Options": {
        "type": "CentralTransitive",
        "requested": "[10.0.3, )",
        "resolved": "10.0.2",
        "contentHash": "1De2LJjmxdqopI5AYC5dIhoZQ79AR5ayywxNF1rXrXFtKQfbQOV9+n/IsZBa7qWlr0MqoGpW8+OY2v/57udZOA==",
        "dependencies": {
          "Microsoft.Extensions.DependencyInjection.Abstractions": "10.0.2",
          "Microsoft.Extensions.Primitives": "10.0.2"
        }
      }
    }
  }
}